
Microsoft Visual Studio Solution File, Format Version 12.00
# Visual Studio Version 17
VisualStudioVersion = 17.3.32901.215
MinimumVisualStudioVersion = 10.0.40219.1
Project("{FAE04EC0-301F-11D3-BF4B-00C04F79EFBC}") = "MPowerDDC", "MPowerDDC.csproj", "{A29646B5-3E77-4E2D-9561-3BB4D5DA1D9A}"
EndProject
Global
	GlobalSection(SolutionConfigurationPlatforms) = preSolution
		Debug|Any CPU = Debug|Any CPU
		Release|Any CPU = Release|Any CPU
	EndGlobalSection
	GlobalSection(ProjectConfigurationPlatforms) = postSolution
		{A29646B5-3E77-4E2D-9561-3BB4D5DA1D9A}.Debug|Any CPU.ActiveCfg = Debug|Any CPU
		{A29646B5-3E77-4E2D-9561-3BB4D5DA1D9A}.Debug|Any CPU.Build.0 = Debug|Any CPU
		{A29646B5-3E77-4E2D-9561-3BB4D5DA1D9A}.Release|Any CPU.ActiveCfg = Release|Any CPU
		{A29646B5-3E77-4E2D-9561-3BB4D5DA1D9A}.Release|Any CPU.Build.0 = Release|Any CPU
	EndGlobalSection
	GlobalSection(SolutionProperties) = preSolution
		HideSolutionNode = FALSE
	EndGlobalSection
	GlobalSection(ExtensibilityGlobals) = postSolution
		SolutionGuid = {17CA745F-68EC-445F-B01F-AF827082DD58}
	EndGlobalSection
EndGlobal
